
Microsoft Visual Studio Solution File, Format Version 12.00
# Visual Studio Version 17
VisualStudioVersion = 17.1.32328.378
MinimumVisualStudioVersion = 10.0.40219.1
Project("{FAE04EC0-301F-11D3-BF4B-00C04F79EFBC}") = "My_Devops_App", "My_Devops_App.csproj", "{1EBAE0ED-E846-449A-B416-0A503C6E3B3E}"
EndProject
Project("{FAE04EC0-301F-11D3-BF4B-00C04F79EFBC}") = "My_Devops_App.Tests", "..\My_Devops_App.Tests\My_Devops_App.Tests.csproj", "{A877109B-9CD6-4C72-A8AB-7243BD0B03F6}"
EndProject
Global
	GlobalSection(SolutionConfigurationPlatforms) = preSolution
		Debug|Any CPU = Debug|Any CPU
		Release|Any CPU = Release|Any CPU
	EndGlobalSection
	GlobalSection(ProjectConfigurationPlatforms) = postSolution
		{1EBAE0ED-E846-449A-B416-0A503C6E3B3E}.Debug|Any CPU.ActiveCfg = Debug|Any CPU
		{1EBAE0ED-E846-449A-B416-0A503C6E3B3E}.Debug|Any CPU.Build.0 = Debug|Any CPU
		{1EBAE0ED-E846-449A-B416-0A503C6E3B3E}.Release|Any CPU.ActiveCfg = Release|Any CPU
		{1EBAE0ED-E846-449A-B416-0A503C6E3B3E}.Release|Any CPU.Build.0 = Release|Any CPU
		{A877109B-9CD6-4C72-A8AB-7243BD0B03F6}.Debug|Any CPU.ActiveCfg = Debug|Any CPU
		{A877109B-9CD6-4C72-A8AB-7243BD0B03F6}.Debug|Any CPU.Build.0 = Debug|Any CPU
		{A877109B-9CD6-4C72-A8AB-7243BD0B03F6}.Release|Any CPU.ActiveCfg = Release|Any CPU
		{A877109B-9CD6-4C72-A8AB-7243BD0B03F6}.Release|Any CPU.Build.0 = Release|Any CPU
	EndGlobalSection
	GlobalSection(SolutionProperties) = preSolution
		HideSolutionNode = FALSE
	EndGlobalSection
	GlobalSection(ExtensibilityGlobals) = postSolution
		SolutionGuid = {9BA27D91-ED4B-4AFD-9617-7E96F51C0263}
	EndGlobalSection
EndGlobal
